
Microsoft Visual Studio Solution File, Format Version 12.00
Project("{FAE04EC0-301F-11D3-BF4B-00C04F79EFBC}") = "AdventOfCode24", "AdventOfCode24\AdventOfCode24.csproj", "{A323D567-6673-41B8-B08E-7883FD8BC2FF}"
EndProject
Project("{FAE04EC0-301F-11D3-BF4B-00C04F79EFBC}") = "BenchmarkRunner", "BenchmarkRunner\BenchmarkRunner.csproj", "{D0F18E15-B812-421F-A03B-126B86D56A2E}"
EndProject
Global
	GlobalSection(SolutionConfigurationPlatforms) = preSolution
		Debug|Any CPU = Debug|Any CPU
		Release|Any CPU = Release|Any CPU
	EndGlobalSection
	GlobalSection(ProjectConfigurationPlatforms) = postSolution
		{A323D567-6673-41B8-B08E-7883FD8BC2FF}.Debug|Any CPU.ActiveCfg = Debug|Any CPU
		{A323D567-6673-41B8-B08E-7883FD8BC2FF}.Debug|Any CPU.Build.0 = Debug|Any CPU
		{A323D567-6673-41B8-B08E-7883FD8BC2FF}.Release|Any CPU.ActiveCfg = Release|Any CPU
		{A323D567-6673-41B8-B08E-7883FD8BC2FF}.Release|Any CPU.Build.0 = Release|Any CPU
		{D0F18E15-B812-421F-A03B-126B86D56A2E}.Debug|Any CPU.ActiveCfg = Debug|Any CPU
		{D0F18E15-B812-421F-A03B-126B86D56A2E}.Debug|Any CPU.Build.0 = Debug|Any CPU
		{D0F18E15-B812-421F-A03B-126B86D56A2E}.Release|Any CPU.ActiveCfg = Release|Any CPU
		{D0F18E15-B812-421F-A03B-126B86D56A2E}.Release|Any CPU.Build.0 = Release|Any CPU
	EndGlobalSection
EndGlobal
